{
  "name": "code",
  "version": "1.0.0",
  "lockfileVersion": 1,
  "requires": true,
  "dependencies": {
    "emailjs": {
      "version": "3.4.0",
      "resolved": "https://registry.npm.taobao.org/emailjs/download/emailjs-3.4.0.tgz",
      "integrity": "sha1-NfMDi/5dwvMvxVg33/SYsJIJPMk="
    }
  }
}
